
Microsoft Visual Studio Solution File, Format Version 12.00
# Visual Studio Version 17
VisualStudioVersion = 17.11.35222.181
MinimumVisualStudioVersion = 10.0.40219.1
Project("{FAE04EC0-301F-11D3-BF4B-00C04F79EFBC}") = "LINQAsignment", "LINQAsignment\LINQAsignment.csproj", "{2405FE6A-63BF-4103-BD97-5805F5F2D833}"
EndProject
Global
	GlobalSection(SolutionConfigurationPlatforms) = preSolution
		Debug|Any CPU = Debug|Any CPU
		Release|Any CPU = Release|Any CPU
	EndGlobalSection
	GlobalSection(ProjectConfigurationPlatforms) = postSolution
		{2405FE6A-63BF-4103-BD97-5805F5F2D833}.Debug|Any CPU.ActiveCfg = Debug|Any CPU
		{2405FE6A-63BF-4103-BD97-5805F5F2D833}.Debug|Any CPU.Build.0 = Debug|Any CPU
		{2405FE6A-63BF-4103-BD97-5805F5F2D833}.Release|Any CPU.ActiveCfg = Release|Any CPU
		{2405FE6A-63BF-4103-BD97-5805F5F2D833}.Release|Any CPU.Build.0 = Release|Any CPU
	EndGlobalSection
	GlobalSection(SolutionProperties) = preSolution
		HideSolutionNode = FALSE
	EndGlobalSection
	GlobalSection(ExtensibilityGlobals) = postSolution
		SolutionGuid = {CEC1D391-B4BD-46C2-A14A-FA98A1D188B7}
	EndGlobalSection
EndGlobal
